{
  "name": "made-in-a2",
  "version": "0.1.0",
  "lockfileVersion": 1,
  "requires": true,
  "dependencies": {
    "abbrev": {
      "version": "1.1.0",
      "resolved": "https://registry.npmjs.org/abbrev/-/abbrev-1.1.0.tgz",
      "integrity": "sha1-0FVMIlZjbi9W58LlrRg/hZQo2B8=",
      "dev": true
    },
    "amdefine": {
      "version": "1.0.1",
      "resolved": "https://registry.npmjs.org/amdefine/-/amdefine-1.0.1.tgz",
      "integrity": "sha1-SlKCrBZHKek2Gbz9OtFR+BfOkfU=",
      "dev": true
    },
    "argparse": {
      "version": "0.1.16",
      "resolved": "https://registry.npmjs.org/argparse/-/argparse-0.1.16.tgz",
      "integrity": "sha1-z9AeD7uj1srtBJ+9dY1A9lGW9Xw=",
      "dev": true,
      "requires": {
        "underscore": "~1.7.0",
        "underscore.string": "~2.4.0"
      },
      "dependencies": {
        "underscore.string": {
          "version": "2.4.0",
          "resolved": "https://registry.npmjs.org/underscore.string/-/underscore.string-2.4.0.tgz",
          "integrity": "sha1-jN2PusTi0uoefi6Al8QvRCKA+Fs=",
          "dev": true
        }
      }
    },
    "async": {
      "version": "0.1.22",
      "resolved": "https://registry.npmjs.org/async/-/async-0.1.22.tgz",
      "integrity": "sha1-D8GqoIig4+8Ovi2IMbqw3PiEUGE=",
      "dev": true
    },
    "balanced-match": {
      "version": "1.0.0",
      "resolved": "https://registry.npmjs.org/balanced-match/-/balanced-match-1.0.0.tgz",
      "integrity": "sha1-ibTRmasr7kneFk6gK4nORi1xt2c=",
      "dev": true
    },
    "batch": {
      "version": "0.5.0",
      "resolved": "https://registry.npmjs.org/batch/-/batch-0.5.0.tgz",
      "integrity": "sha1-/S4Fp6XWlrTbkxQBPihdj/NVfsM=",
      "dev": true
    },
    "brace-expansion": {
      "version": "1.1.8",
      "resolved": "https://registry.npmjs.org/brace-expansion/-/brace-expansion-1.1.8.tgz",
      "integrity": "sha1-wHshHHyVLsH479Uad+8NHTmQopI=",
      "dev": true,
      "requires": {
        "balanced-match": "^1.0.0",
        "concat-map": "0.0.1"
      }
    },
    "buffer-crc32": {
      "version": "0.2.1",
      "resolved": "https://registry.npmjs.org/buffer-crc32/-/buffer-crc32-0.2.1.tgz",
      "integrity": "sha1-vj5TgvwCttYySVasGvmKqYsIU0w=",
      "dev": true
    },
    "bytes": {
      "version": "0.2.1",
      "resolved": "https://registry.npmjs.org/bytes/-/bytes-0.2.1.tgz",
      "integrity": "sha1-VVsIq8sGP4l1kFMCUj5M1P/f3zE=",
      "dev": true
    },
    "camelcase": {
      "version": "1.2.1",
      "resolved": "https://registry.npmjs.org/camelcase/-/camelcase-1.2.1.tgz",
      "integrity": "sha1-m7UwTS4LVmmLLHWLCKPqqdqlijk=",
      "dev": true
    },
    "character-parser": {
      "version": "1.2.0",
      "resolved": "https://registry.npmjs.org/character-parser/-/character-parser-1.2.0.tgz",
      "integrity": "sha1-lBNNbl2HCjm+NZ99IkYJNRhN3vY=",
      "dev": true
    },
    "coffee-script": {
      "version": "1.3.3",
      "resolved": "https://registry.npmjs.org/coffee-script/-/coffee-script-1.3.3.tgz",
      "integrity": "sha1-FQ1rTLUiiUNp7+1qIQHCC8f0pPQ=",
      "dev": true
    },
    "collections": {
      "version": "0.1.24",
      "resolved": "https://registry.npmjs.org/collections/-/collections-0.1.24.tgz",
      "integrity": "sha1-cPgQw1eE8/Pt+qnPJi5kpQ2ckIs=",
      "dev": true,
      "requires": {
        "weak-map": "1.0.0"
      }
    },
    "colors": {
      "version": "0.6.2",
      "resolved": "https://registry.npmjs.org/colors/-/colors-0.6.2.tgz",
      "integrity": "sha1-JCP+ZnisDF2uiFLl0OW+CMmXq8w=",
      "dev": true
    },
    "commander": {
      "version": "2.0.0",
      "resolved": "https://registry.npmjs.org/commander/-/commander-2.0.0.tgz",
      "integrity": "sha1-0bhvkB+LZL2UG96tr5JFMDk76Sg=",
      "dev": true
    },
    "concat-map": {
      "version": "0.0.1",
      "resolved": "https://registry.npmjs.org/concat-map/-/concat-map-0.0.1.tgz",
      "integrity": "sha1-2Klr13/Wjfd5OnMDajug1UBdR3s=",
      "dev": true
    },
    "connect": {
      "version": "2.12.0",
      "resolved": "https://registry.npmjs.org/connect/-/connect-2.12.0.tgz",
      "integrity": "sha1-Mdj6DcrN8ZCNgivSkjvootKn7Zo=",
      "dev": true,
      "requires": {
        "batch": "0.5.0",
        "buffer-crc32": "0.2.1",
        "bytes": "0.2.1",
        "cookie": "0.1.0",
        "cookie-signature": "1.0.1",
        "debug": ">= 0.7.3 < 1",
        "fresh": "0.2.0",
        "methods": "0.1.0",
        "multiparty": "2.2.0",
        "negotiator": "0.3.0",
        "pause": "0.0.1",
        "qs": "0.6.6",
        "raw-body": "1.1.2",
        "send": "0.1.4",
        "uid2": "0.0.3"
      }
    },
    "connect-livereload": {
      "version": "0.3.2",
      "resolved": "https://registry.npmjs.org/connect-livereload/-/connect-livereload-0.3.2.tgz",
      "integrity": "sha1-3bcKpQkB1YN4NmJ3Dj07Y9fOQP8=",
      "dev": true
    },
    "constantinople": {
      "version": "1.0.2",
      "resolved": "https://registry.npmjs.org/constantinople/-/constantinople-1.0.2.tgz",
      "integrity": "sha1-DmR0fcg2ZE0/ZZJH79lSMbSMPnE=",
      "dev": true,
      "requires": {
        "uglify-js": "~2.4.0"
      }
    },
    "cookie": {
      "version": "0.1.0",
      "resolved": "https://registry.npmjs.org/cookie/-/cookie-0.1.0.tgz",
      "integrity": "sha1-kOtGndzpBchm3mh+/EMTHYgB+dA=",
      "dev": true
    },
    "cookie-signature": {
      "version": "1.0.1",
      "resolved": "https://registry.npmjs.org/cookie-signature/-/cookie-signature-1.0.1.tgz",
      "integrity": "sha1-ROByFIrwHm6OJK+/EmkNaK5pjss=",
      "dev": true
    },
    "core-util-is": {
      "version": "1.0.2",
      "resolved": "https://registry.npmjs.org/core-util-is/-/core-util-is-1.0.2.tgz",
      "integrity": "sha1-tf1UIgqivFq1eqtxQMlAdUUDwac=",
      "dev": true
    },
    "css": {
      "version": "1.0.8",
      "resolved": "https://registry.npmjs.org/css/-/css-1.0.8.tgz",
      "integrity": "sha1-k4aBHKgrzMnuf7WnMrHioxfIo+c=",
      "dev": true,
      "requires": {
        "css-parse": "1.0.4",
        "css-stringify": "1.0.5"
      }
    },
    "css-parse": {
      "version": "1.0.4",
      "resolved": "https://registry.npmjs.org/css-parse/-/css-parse-1.0.4.tgz",
      "integrity": "sha1-OLBQP7+dqfVOnB29pg4UXHcRe90=",
      "dev": true
    },
    "css-stringify": {
      "version": "1.0.5",
      "resolved": "https://registry.npmjs.org/css-stringify/-/css-stringify-1.0.5.tgz",
      "integrity": "sha1-sNBClG2ylTu50pKQCmy19tASIDE=",
      "dev": true
    },
    "dateformat": {
      "version": "1.0.2-1.2.3",
      "resolved": "https://registry.npmjs.org/dateformat/-/dateformat-1.0.2-1.2.3.tgz",
      "integrity": "sha1-sCIMAt6YYXQztyhRz0fePfLNvuk=",
      "dev": true
    },
    "debug": {
      "version": "0.8.1",
      "resolved": "https://registry.npmjs.org/debug/-/debug-0.8.1.tgz",
      "integrity": "sha1-IP9NJvXkIstoobrLu2EDmtjBwTA=",
      "dev": true
    },
    "decamelize": {
      "version": "1.2.0",
      "resolved": "https://registry.npmjs.org/decamelize/-/decamelize-1.2.0.tgz",
      "integrity": "sha1-9lNNFRSCabIDUue+4m9QH5oZEpA=",
      "dev": true
    },
    "esprima": {
      "version": "1.0.4",
      "resolved": "https://registry.npmjs.org/esprima/-/esprima-1.0.4.tgz",
      "integrity": "sha1-n1V+CPw7TSbs6d00+Pv0drYlha0=",
      "dev": true
    },
    "eventemitter2": {
      "version": "0.4.14",
      "resolved": "https://registry.npmjs.org/eventemitter2/-/eventemitter2-0.4.14.tgz",
      "integrity": "sha1-j2G3XN4BKy6esoTUVFWDtWQ7Yas=",
      "dev": true
    },
    "exit": {
      "version": "0.1.2",
      "resolved": "https://registry.npmjs.org/exit/-/exit-0.1.2.tgz",
      "integrity": "sha1-BjJjj42HfMghB9MKD/8aF8uhzQw=",
      "dev": true
    },
    "faye-websocket": {
      "version": "0.4.4",
      "resolved": "https://registry.npmjs.org/faye-websocket/-/faye-websocket-0.4.4.tgz",
      "integrity": "sha1-wUxbO/FNdBf/v9mQwKdJXNnzN7w=",
      "dev": true
    },
    "findup-sync": {
      "version": "0.1.3",
      "resolved": "https://registry.npmjs.org/findup-sync/-/findup-sync-0.1.3.tgz",
      "integrity": "sha1-fz56l7gjksZTvwZYm9hRkOk8NoM=",
      "dev": true,
      "requires": {
        "glob": "~3.2.9",
        "lodash": "~2.4.1"
      },
      "dependencies": {
        "glob": {
          "version": "3.2.11",
          "resolved": "https://registry.npmjs.org/glob/-/glob-3.2.11.tgz",
          "integrity": "sha1-Spc/Y1uRkPcV0QmH1cAP0oFevj0=",
          "dev": true,
          "requires": {
            "inherits": "2",
            "minimatch": "0.3"
          }
        },
        "lodash": {
          "version": "2.4.2",
          "resolved": "https://registry.npmjs.org/lodash/-/lodash-2.4.2.tgz",
          "integrity": "sha1-+t2DS5aDBz2hebPq5tnA0VBT9z4=",
          "dev": true
        },
        "minimatch": {
          "version": "0.3.0",
          "resolved": "https://registry.npmjs.org/minimatch/-/minimatch-0.3.0.tgz",
          "integrity": "sha1-J12O2qxPG7MyZHIInnlJyDlGmd0=",
          "dev": true,
          "requires": {
            "lru-cache": "2",
            "sigmund": "~1.0.0"
          }
        }
      }
    },
    "fresh": {
      "version": "0.2.0",
      "resolved": "https://registry.npmjs.org/fresh/-/fresh-0.2.0.tgz",
      "integrity": "sha1-v9lALPPfEsSkwxDHn5mj3eE9NKc=",
      "dev": true
    },
    "gaze": {
      "version": "0.4.3",
      "resolved": "https://registry.npmjs.org/gaze/-/gaze-0.4.3.tgz",
      "integrity": "sha1-5Tj0/15P5kj0c6l+HrslPS3hJ7U=",
      "dev": true,
      "requires": {
        "globule": "~0.1.0"
      }
    },
    "getobject": {
      "version": "0.1.0",
      "resolved": "https://registry.npmjs.org/getobject/-/getobject-0.1.0.tgz",
      "integrity": "sha1-BHpEl4n6Fg0Bj1SG7ZEyC27HiFw=",
      "dev": true
    },
    "glob": {
      "version": "3.1.21",
      "resolved": "https://registry.npmjs.org/glob/-/glob-3.1.21.tgz",
      "integrity": "sha1-0p4KBV3qUTj00H7UDomC6DwgZs0=",
      "dev": true,
      "requires": {
        "graceful-fs": "~1.2.0",
        "inherits": "1",
        "minimatch": "~0.2.11"
      },
      "dependencies": {
        "inherits": {
          "version": "1.0.2",
          "resolved": "https://registry.npmjs.org/inherits/-/inherits-1.0.2.tgz",
          "integrity": "sha1-ykMJ2t7mtUzAuNJH6NfHoJdb3Js=",
          "dev": true
        }
      }
    },
    "globule": {
      "version": "0.1.0",
      "resolved": "https://registry.npmjs.org/globule/-/globule-0.1.0.tgz",
      "integrity": "sha1-2cjt3h2nnRJaFRt5UzuXhnY0auU=",
      "dev": true,
      "requires": {
        "glob": "~3.1.21",
        "lodash": "~1.0.1",
        "minimatch": "~0.2.11"
      },
      "dependencies": {
        "lodash": {
          "version": "1.0.2",
          "resolved": "https://registry.npmjs.org/lodash/-/lodash-1.0.2.tgz",
          "integrity": "sha1-j1dWDIO1n8JwvT1WG2kAQ0MOJVE=",
          "dev": true
        }
      }
    },
    "graceful-fs": {
      "version": "1.2.3",
      "resolved": "https://registry.npmjs.org/graceful-fs/-/graceful-fs-1.2.3.tgz",
      "integrity": "sha1-FaSAaldUfLLS2/J/QuiajDRRs2Q=",
      "dev": true
    },
    "grunt": {
      "version": "0.4.5",
      "resolved": "https://registry.npmjs.org/grunt/-/grunt-0.4.5.tgz",
      "integrity": "sha1-VpN81RlDJK3/bSB2MYMqnWuk5/A=",
      "dev": true,
      "requires": {
        "async": "~0.1.22",
        "coffee-script": "~1.3.3",
        "colors": "~0.6.2",
        "dateformat": "1.0.2-1.2.3",
        "eventemitter2": "~0.4.13",
        "exit": "~0.1.1",
        "findup-sync": "~0.1.2",
        "getobject": "~0.1.0",
        "glob": "~3.1.21",
        "grunt-legacy-log": "~0.1.0",
        "grunt-legacy-util": "~0.2.0",
        "hooker": "~0.2.3",
        "iconv-lite": "~0.2.11",
        "js-yaml": "~2.0.5",
        "lodash": "~0.9.2",
        "minimatch": "~0.2.12",
        "nopt": "~1.0.10",
        "rimraf": "~2.2.8",
        "underscore.string": "~2.2.1",
        "which": "~1.0.5"
      }
    },
    "grunt-cli": {
      "version": "1.2.0",
      "resolved": "https://registry.npmjs.org/grunt-cli/-/grunt-cli-1.2.0.tgz",
      "integrity": "sha1-VisRnrsGndtGSs4oRVAb6Xs1tqg=",
      "dev": true,
      "requires": {
        "findup-sync": "~0.3.0",
        "grunt-known-options": "~1.1.0",
        "nopt": "~3.0.6",
        "resolve": "~1.1.0"
      },
      "dependencies": {
        "findup-sync": {
          "version": "0.3.0",
          "resolved": "https://registry.npmjs.org/findup-sync/-/findup-sync-0.3.0.tgz",
          "integrity": "sha1-N5MKpdgWt3fANEXhlmzGeQpMCxY=",
          "dev": true,
          "requires": {
            "glob": "~5.0.0"
          }
        },
        "glob": {
          "version": "5.0.15",
          "resolved": "https://registry.npmjs.org/glob/-/glob-5.0.15.tgz",
          "integrity": "sha1-G8k2ueAvSmA/zCIuz3Yz0wuLk7E=",
          "dev": true,
          "requires": {
            "inflight": "^1.0.4",
            "inherits": "2",
            "minimatch": "2 || 3",
            "once": "^1.3.0",
            "path-is-absolute": "^1.0.0"
          }
        },
        "minimatch": {
          "version": "3.0.4",
          "resolved": "https://registry.npmjs.org/minimatch/-/minimatch-3.0.4.tgz",
          "integrity": "sha512-yJHVQEhyqPLUTgt9B83PXu6W3rx4MvvHvSUvToogpwoGDOUQ+yDrR0HRot+yOCdCO7u4hX3pWft6kWBBcqh0UA==",
          "dev": true,
          "requires": {
            "brace-expansion": "^1.1.7"
          }
        },
        "nopt": {
          "version": "3.0.6",
          "resolved": "https://registry.npmjs.org/nopt/-/nopt-3.0.6.tgz",
          "integrity": "sha1-xkZdvwirzU2zWTF/eaxopkayj/k=",
          "dev": true,
          "requires": {
            "abbrev": "1"
          }
        }
      }
    },
    "grunt-contrib-clean": {
      "version": "0.5.0",
      "resolved": "https://registry.npmjs.org/grunt-contrib-clean/-/grunt-contrib-clean-0.5.0.tgz",
      "integrity": "sha1-9T397ghJsce0Dp67umn0jExgecU=",
      "dev": true,
      "requires": {
        "rimraf": "~2.2.1"
      }
    },
    "grunt-contrib-connect": {
      "version": "0.6.0",
      "resolved": "https://registry.npmjs.org/grunt-contrib-connect/-/grunt-contrib-connect-0.6.0.tgz",
      "integrity": "sha1-EX3J83VwjO5wIKX23yCHoDnw+7c=",
      "dev": true,
      "requires": {
        "connect": "~2.12.0",
        "connect-livereload": "~0.3.0",
        "open": "0.0.4"
      }
    },
    "grunt-contrib-copy": {
      "version": "0.5.0",
      "resolved": "https://registry.npmjs.org/grunt-contrib-copy/-/grunt-contrib-copy-0.5.0.tgz",
      "integrity": "sha1-QQB1rEWlhWuhkbHMclclRQ1KAhU=",
      "dev": true
    },
    "grunt-contrib-jade": {
      "version": "0.9.1",
      "resolved": "https://registry.npmjs.org/grunt-contrib-jade/-/grunt-contrib-jade-0.9.1.tgz",
      "integrity": "sha1-xGZZU6El/MGb0gWvrmKYkuJqjjQ=",
      "dev": true,
      "requires": {
        "grunt-lib-contrib": "~0.6.1",
        "jade": "~1.0.2",
        "lodash-node": "~2.4.1"
      }
    },
    "grunt-contrib-watch": {
      "version": "0.5.3",
      "resolved": "https://registry.npmjs.org/grunt-contrib-watch/-/grunt-contrib-watch-0.5.3.tgz",
      "integrity": "sha1-fZ61Rl1Qb6FPqspH5uh5CoLBye4=",
      "dev": true,
      "requires": {
        "gaze": "~0.4.0",
        "tiny-lr": "0.0.4"
      }
    },
    "grunt-gh-pages": {
      "version": "1.2.0",
      "resolved": "https://registry.npmjs.org/grunt-gh-pages/-/grunt-gh-pages-1.2.0.tgz",
      "integrity": "sha1-muQq9KNoZmj0PpcW2sv9stXr3Tg=",
      "dev": true,
      "requires": {
        "async": "2.0.1",
        "graceful-fs": "4.1.5",
        "q": "0.9.3",
        "q-io": "1.6.5",
        "url-safe": "^1.0.0",
        "wrench": "1.5.1"
      },
      "dependencies": {
        "async": {
          "version": "2.0.1",
          "resolved": "https://registry.npmjs.org/async/-/async-2.0.1.tgz",
          "integrity": "sha1-twnMAoCpw28J9FNr6CPIOKkEniU=",
          "dev": true,
          "requires": {
            "lodash": "^4.8.0"
          }
        },
        "graceful-fs": {
          "version": "4.1.5",
          "resolved": "https://registry.npmjs.org/graceful-fs/-/graceful-fs-4.1.5.tgz",
          "integrity": "sha1-9HRejK7V4N0u8hu14tIpoy6Ak8A=",
          "dev": true
        },
        "lodash": {
          "version": "4.17.4",
          "resolved": "https://registry.npmjs.org/lodash/-/lodash-4.17.4.tgz",
          "integrity": "sha1-eCA6TRwyiuHYbcpkYONptX9AVa4=",
          "dev": true
        }
      }
    },
    "grunt-known-options": {
      "version": "1.1.0",
      "resolved": "https://registry.npmjs.org/grunt-known-options/-/grunt-known-options-1.1.0.tgz",
      "integrity": "sha1-pCdO6zL6dl2lp6OxcSYXzjsUQUk=",
      "dev": true
    },
    "grunt-legacy-log": {
      "version": "0.1.3",
      "resolved": "https://registry.npmjs.org/grunt-legacy-log/-/grunt-legacy-log-0.1.3.tgz",
      "integrity": "sha1-7ClCboAwIa9ZAp+H0vnNczWgVTE=",
      "dev": true,
      "requires": {
        "colors": "~0.6.2",
        "grunt-legacy-log-utils": "~0.1.1",
        "hooker": "~0.2.3",
        "lodash": "~2.4.1",
        "underscore.string": "~2.3.3"
      },
      "dependencies": {
        "lodash": {
          "version": "2.4.2",
          "resolved": "https://registry.npmjs.org/lodash/-/lodash-2.4.2.tgz",
          "integrity": "sha1-+t2DS5aDBz2hebPq5tnA0VBT9z4=",
          "dev": true
        },
        "underscore.string": {
          "version": "2.3.3",
          "resolved": "https://registry.npmjs.org/underscore.string/-/underscore.string-2.3.3.tgz",
          "integrity": "sha1-ccCL9rQosRM/N+ePo6Icgvcymw0=",
          "dev": true
        }
      }
    },
    "grunt-legacy-log-utils": {
      "version": "0.1.1",
      "resolved": "https://registry.npmjs.org/grunt-legacy-log-utils/-/grunt-legacy-log-utils-0.1.1.tgz",
      "integrity": "sha1-wHBrndkGThFvNvI/5OawSGcsD34=",
      "dev": true,
      "requires": {
        "colors": "~0.6.2",
        "lodash": "~2.4.1",
        "underscore.string": "~2.3.3"
      },
      "dependencies": {
        "lodash": {
          "version": "2.4.2",
          "resolved": "https://registry.npmjs.org/lodash/-/lodash-2.4.2.tgz",
          "integrity": "sha1-+t2DS5aDBz2hebPq5tnA0VBT9z4=",
          "dev": true
        },
        "underscore.string": {
          "version": "2.3.3",
          "resolved": "https://registry.npmjs.org/underscore.string/-/underscore.string-2.3.3.tgz",
          "integrity": "sha1-ccCL9rQosRM/N+ePo6Icgvcymw0=",
          "dev": true
        }
      }
    },
    "grunt-legacy-util": {
      "version": "0.2.0",
      "resolved": "https://registry.npmjs.org/grunt-legacy-util/-/grunt-legacy-util-0.2.0.tgz",
      "integrity": "sha1-kzJIhNv343qf98Am3/RR2UqeVUs=",
      "dev": true,
      "requires": {
        "async": "~0.1.22",
        "exit": "~0.1.1",
        "getobject": "~0.1.0",
        "hooker": "~0.2.3",
        "lodash": "~0.9.2",
        "underscore.string": "~2.2.1",
        "which": "~1.0.5"
      }
    },
    "grunt-lib-contrib": {
      "version": "0.6.1",
      "resolved": "https://registry.npmjs.org/grunt-lib-contrib/-/grunt-lib-contrib-0.6.1.tgz",
      "integrity": "sha1-P1att9oG6BR5XuJBWw6+X7iQPrs=",
      "dev": true,
      "requires": {
        "zlib-browserify": "0.0.1"
      }
    },
    "grunt-s3": {
      "version": "0.2.0-alpha.3",
      "resolved": "https://registry.npmjs.org/grunt-s3/-/grunt-s3-0.2.0-alpha.3.tgz",
      "integrity": "sha1-4zKdLKpu2TxNvAOX4lfKporp7nw=",
      "dev": true,
      "requires": {
        "grunt": "0.4.x",
        "knox": "0.8.x",
        "mime": "~1.2.5",
        "temporary": "0.0.5",
        "underscore.deferred": "~0.1.4"
      },
      "dependencies": {
        "mime": {
          "version": "1.2.11",
          "resolved": "https://registry.npmjs.org/mime/-/mime-1.2.11.tgz",
          "integrity": "sha1-WCA+7Ybjpe8XrtK32evUfwpg3RA=",
          "dev": true
        }
      }
    },
    "hooker": {
      "version": "0.2.3",
      "resolved": "https://registry.npmjs.org/hooker/-/hooker-0.2.3.tgz",
      "integrity": "sha1-uDT3I8xKJCqmWWNFnfbZhMXT2Vk=",
      "dev": true
    },
    "iconv-lite": {
      "version": "0.2.11",
      "resolved": "https://registry.npmjs.org/iconv-lite/-/iconv-lite-0.2.11.tgz",
      "integrity": "sha1-HOYKOleGSiktEyH/RgnKS7llrcg=",
      "dev": true
    },
    "inflight": {
      "version": "1.0.6",
      "resolved": "https://registry.npmjs.org/inflight/-/inflight-1.0.6.tgz",
      "integrity": "sha1-Sb1jMdfQLQwJvJEKEHW6gWW1bfk=",
      "dev": true,
      "requires": {
        "once": "^1.3.0",
        "wrappy": "1"
      }
    },
    "inherits": {
      "version": "2.0.3",
      "resolved": "https://registry.npmjs.org/inherits/-/inherits-2.0.3.tgz",
      "integrity": "sha1-Yzwsg+PaQqUC9SRmAiSA9CCCYd4=",
      "dev": true
    },
    "is-promise": {
      "version": "1.0.1",
      "resolved": "https://registry.npmjs.org/is-promise/-/is-promise-1.0.1.tgz",
      "integrity": "sha1-MVc3YcBX4zwukaq56W2gjO++duU=",
      "dev": true
    },
    "isarray": {
      "version": "0.0.1",
      "resolved": "https://registry.npmjs.org/isarray/-/isarray-0.0.1.tgz",
      "integrity": "sha1-ihis/Kmo9Bd+Cav8YDiTmwXR7t8=",
      "dev": true
    },
    "jade": {
      "version": "1.0.2",
      "resolved": "https://registry.npmjs.org/jade/-/jade-1.0.2.tgz",
      "integrity": "sha1-hv7V0C1wPwMJ8G3e+gSmn+4AorE=",
      "dev": true,
      "requires": {
        "character-parser": "1.2.0",
        "commander": "2.0.0",
        "constantinople": "~1.0.2",
        "mkdirp": "~0.3.5",
        "monocle": "1.1.50",
        "transformers": "2.1.0",
        "with": "~2.0.0"
      }
    },
    "js-yaml": {
      "version": "2.0.5",
      "resolved": "https://registry.npmjs.org/js-yaml/-/js-yaml-2.0.5.tgz",
      "integrity": "sha1-olrmUJmZ6X3yeMZxnaEb0Gh3Q6g=",
      "dev": true,
      "requires": {
        "argparse": "~ 0.1.11",
        "esprima": "~ 1.0.2"
      }
    },
    "knox": {
      "version": "0.8.10",
      "resolved": "https://registry.npmjs.org/knox/-/knox-0.8.10.tgz",
      "integrity": "sha1-ai7c2sHSrjedHhmU1Vm5XCg7JYg=",
      "dev": true,
      "requires": {
        "debug": "~0.7.0",
        "mime": "*",
        "stream-counter": "~0.1.0",
        "xml2js": "0.2.x"
      },
      "dependencies": {
        "debug": {
          "version": "0.7.4",
          "resolved": "https://registry.npmjs.org/debug/-/debug-0.7.4.tgz",
          "integrity": "sha1-BuHqgILCyxTjmAbiLi9vdX+Srzk=",
          "dev": true
        },
        "readable-stream": {
          "version": "1.0.34",
          "resolved": "https://registry.npmjs.org/readable-stream/-/readable-stream-1.0.34.tgz",
          "integrity": "sha1-Elgg40vIQtLyqq+v5MKRbuMsFXw=",
          "dev": true,
          "requires": {
            "core-util-is": "~1.0.0",
            "inherits": "~2.0.1",
            "isarray": "0.0.1",
            "string_decoder": "~0.10.x"
          }
        },
        "stream-counter": {
          "version": "0.1.0",
          "resolved": "https://registry.npmjs.org/stream-counter/-/stream-counter-0.1.0.tgz",
          "integrity": "sha1-oDXkKTYftX82Fgbhf82Ki5Z3Mns=",
          "dev": true,
          "requires": {
            "readable-stream": "~1.0.2"
          }
        }
      }
    },
    "lodash": {
      "version": "0.9.2",
      "resolved": "https://registry.npmjs.org/lodash/-/lodash-0.9.2.tgz",
      "integrity": "sha1-jzSZxSRdNG1oLlsNO0B2fgnxqSw=",
      "dev": true
    },
    "lodash-node": {
      "version": "2.4.1",
      "resolved": "https://registry.npmjs.org/lodash-node/-/lodash-node-2.4.1.tgz",
      "integrity": "sha1-6oL3sQDHM9GkKvdoAeUGEF4qgOw=",
      "dev": true
    },
    "lru-cache": {
      "version": "2.7.3",
      "resolved": "https://registry.npmjs.org/lru-cache/-/lru-cache-2.7.3.tgz",
      "integrity": "sha1-bUUk6LlV+V1PW1iFHOId1y+06VI=",
      "dev": true
    },
    "methods": {
      "version": "0.1.0",
      "resolved": "https://registry.npmjs.org/methods/-/methods-0.1.0.tgz",
      "integrity": "sha1-M11Cnu/SG3us8unJIqjSvRSjDk8=",
      "dev": true
    },
    "mime": {
      "version": "2.4.0",
      "resolved": "https://registry.npmjs.org/mime/-/mime-2.4.0.tgz",
      "integrity": "sha512-ikBcWwyqXQSHKtciCcctu9YfPbFYZ4+gbHEmE0Q8jzcTYQg5dHCr3g2wwAZjPoJfQVXZq6KXAjpXOTf5/cjT7w==",
      "dev": true
    },
    "mimeparse": {
      "version": "0.1.4",
      "resolved": "https://registry.npmjs.org/mimeparse/-/mimeparse-0.1.4.tgz",
      "integrity": "sha1-2vsCdSNw/SJgk64xUsJxrwGsJUo=",
      "dev": true
    },
    "minimatch": {
      "version": "0.2.14",
      "resolved": "https://registry.npmjs.org/minimatch/-/minimatch-0.2.14.tgz",
      "integrity": "sha1-x054BXT2PG+aCQ6Q775u9TpqdWo=",
      "dev": true,
      "requires": {
        "lru-cache": "2",
        "sigmund": "~1.0.0"
      }
    },
    "mkdirp": {
      "version": "0.3.5",
      "resolved": "https://registry.npmjs.org/mkdirp/-/mkdirp-0.3.5.tgz",
      "integrity": "sha1-3j5fiWHIjHh+4TaN+EmsRBPsqNc=",
      "dev": true
    },
    "monocle": {
      "version": "1.1.50",
      "resolved": "https://registry.npmjs.org/monocle/-/monocle-1.1.50.tgz",
      "integrity": "sha1-4hsFnZlybZWDcfNiQMEGuKBn+n0=",
      "dev": true,
      "requires": {
        "readdirp": "~0.2.3"
      }
    },
    "multiparty": {
      "version": "2.2.0",
      "resolved": "https://registry.npmjs.org/multiparty/-/multiparty-2.2.0.tgz",
      "integrity": "sha1-pWfCrwAK0i3I8qZT2Rl4rh9TFvQ=",
      "dev": true,
      "requires": {
        "readable-stream": "~1.1.9",
        "stream-counter": "~0.2.0"
      }
    },
    "negotiator": {
      "version": "0.3.0",
      "resolved": "https://registry.npmjs.org/negotiator/-/negotiator-0.3.0.tgz",
      "integrity": "sha1-cG1pLv7d9XTVfqn7GriaT6fuj2A=",
      "dev": true
    },
    "nopt": {
      "version": "1.0.10",
      "resolved": "https://registry.npmjs.org/nopt/-/nopt-1.0.10.tgz",
      "integrity": "sha1-bd0hvSoxQXuScn3Vhfim83YI6+4=",
      "dev": true,
      "requires": {
        "abbrev": "1"
      }
    },
    "noptify": {
      "version": "0.0.3",
      "resolved": "https://registry.npmjs.org/noptify/-/noptify-0.0.3.tgz",
      "integrity": "sha1-WPZUpz2XU98MUdlobckhBKZ/S7s=",
      "dev": true,
      "requires": {
        "nopt": "~2.0.0"
      },
      "dependencies": {
        "nopt": {
          "version": "2.0.0",
          "resolved": "https://registry.npmjs.org/nopt/-/nopt-2.0.0.tgz",
          "integrity": "sha1-ynQW8gpeP5w7hhgPlilfo9C1Lg0=",
          "dev": true,
          "requires": {
            "abbrev": "1"
          }
        }
      }
    },
    "once": {
      "version": "1.4.0",
      "resolved": "https://registry.npmjs.org/once/-/once-1.4.0.tgz",
      "integrity": "sha1-WDsap3WWHUsROsF9nFC6753Xa9E=",
      "dev": true,
      "requires": {
        "wrappy": "1"
      }
    },
    "open": {
      "version": "0.0.4",
      "resolved": "https://registry.npmjs.org/open/-/open-0.0.4.tgz",
      "integrity": "sha1-XeRqCFi59J+fIRqo8mYoVQZX8mI=",
      "dev": true
    },
    "optimist": {
      "version": "0.3.7",
      "resolved": "https://registry.npmjs.org/optimist/-/optimist-0.3.7.tgz",
      "integrity": "sha1-yQlBrVnkJzMokjB00s8ufLxuwNk=",
      "dev": true,
      "requires": {
        "wordwrap": "~0.0.2"
      }
    },
    "package": {
      "version": "1.0.1",
      "resolved": "https://registry.npmjs.org/package/-/package-1.0.1.tgz",
      "integrity": "sha1-0lofmeJQbcsn1nBLg9yooxLk7cw=",
      "dev": true
    },
    "path-is-absolute": {
      "version": "1.0.1",
      "resolved": "https://registry.npmjs.org/path-is-absolute/-/path-is-absolute-1.0.1.tgz",
      "integrity": "sha1-F0uSaHNVNP+8es5r9TpanhtcX18=",
      "dev": true
    },
    "pause": {
      "version": "0.0.1",
      "resolved": "https://registry.npmjs.org/pause/-/pause-0.0.1.tgz",
      "integrity": "sha1-HUCLP9t2kjuVQ9lvtMnf1TXZy10=",
      "dev": true
    },
    "promise": {
      "version": "2.0.0",
      "resolved": "https://registry.npmjs.org/promise/-/promise-2.0.0.tgz",
      "integrity": "sha1-RmSKqdYFr10ucMMCS/WUNtoCuA4=",
      "dev": true,
      "requires": {
        "is-promise": "~1"
      }
    },
    "q": {
      "version": "0.9.3",
      "resolved": "https://registry.npmjs.org/q/-/q-0.9.3.tgz",
      "integrity": "sha1-QE6rutDQMe01/LU/fFvAYoO050w=",
      "dev": true
    },
    "q-io": {
      "version": "1.6.5",
      "resolved": "https://registry.npmjs.org/q-io/-/q-io-1.6.5.tgz",
      "integrity": "sha1-M1u5uTz3/JM3wOwV+i0hplhgGVo=",
      "dev": true,
      "requires": {
        "collections": "~0.1.3",
        "mime": "~1.2",
        "mimeparse": "~0.1.4",
        "q": "~0.9.1",
        "qs": "~0.1.0",
        "url2": "~0.0.0"
      },
      "dependencies": {
        "mime": {
          "version": "1.2.11",
          "resolved": "https://registry.npmjs.org/mime/-/mime-1.2.11.tgz",
          "integrity": "sha1-WCA+7Ybjpe8XrtK32evUfwpg3RA=",
          "dev": true
        },
        "qs": {
          "version": "0.1.0",
          "resolved": "https://registry.npmjs.org/qs/-/qs-0.1.0.tgz",
          "integrity": "sha1-mg0tcNAfY9NAHqSwUIImAbRi7ms=",
          "dev": true
        }
      }
    },
    "qs": {
      "version": "0.6.6",
      "resolved": "https://registry.npmjs.org/qs/-/qs-0.6.6.tgz",
      "integrity": "sha1-bgFQmP9RlouKPIGQAdXyyJvEsQc=",
      "dev": true
    },
    "range-parser": {
      "version": "0.0.4",
      "resolved": "https://registry.npmjs.org/range-parser/-/range-parser-0.0.4.tgz",
      "integrity": "sha1-wEJ//vUcEKy6B4KkbJYC50T/Ygs=",
      "dev": true
    },
    "raw-body": {
      "version": "1.1.2",
      "resolved": "https://registry.npmjs.org/raw-body/-/raw-body-1.1.2.tgz",
      "integrity": "sha1-x0swBN6l3v0WlhcRBqx0DsMdYr4=",
      "dev": true,
      "requires": {
        "bytes": "~0.2.1"
      }
    },
    "readable-stream": {
      "version": "1.1.14",
      "resolved": "https://registry.npmjs.org/readable-stream/-/readable-stream-1.1.14.tgz",
      "integrity": "sha1-fPTFTvZI44EwhMY23SB54WbAgdk=",
      "dev": true,
      "requires": {
        "core-util-is": "~1.0.0",
        "inherits": "~2.0.1",
        "isarray": "0.0.1",
        "string_decoder": "~0.10.x"
      }
    },
    "readdirp": {
      "version": "0.2.5",
      "resolved": "https://registry.npmjs.org/readdirp/-/readdirp-0.2.5.tgz",
      "integrity": "sha1-xMJ25Sl3riXbUZH+UdAIVQ8V2bs=",
      "dev": true,
      "requires": {
        "minimatch": ">=0.2.4"
      }
    },
    "resolve": {
      "version": "1.1.7",
      "resolved": "https://registry.npmjs.org/resolve/-/resolve-1.1.7.tgz",
      "integrity": "sha1-IDEU2CrSxe2ejgQRs5ModeiJ6Xs=",
      "dev": true
    },
    "rimraf": {
      "version": "2.2.8",
      "resolved": "https://registry.npmjs.org/rimraf/-/rimraf-2.2.8.tgz",
      "integrity": "sha1-5Dm+Kq7jJzIZUnMPmaiSnk/FBYI=",
      "dev": true
    },
    "sax": {
      "version": "0.5.8",
      "resolved": "https://registry.npmjs.org/sax/-/sax-0.5.8.tgz",
      "integrity": "sha1-1HLbIo6zMcJQaw6MFVJK25OdEsE=",
      "dev": true
    },
    "send": {
      "version": "0.1.4",
      "resolved": "https://registry.npmjs.org/send/-/send-0.1.4.tgz",
      "integrity": "sha1-vnDY0b4B3mGCGvE3gLUDRaT3Gr0=",
      "dev": true,
      "requires": {
        "debug": "*",
        "fresh": "0.2.0",
        "mime": "~1.2.9",
        "range-parser": "0.0.4"
      },
      "dependencies": {
        "mime": {
          "version": "1.2.11",
          "resolved": "https://registry.npmjs.org/mime/-/mime-1.2.11.tgz",
          "integrity": "sha1-WCA+7Ybjpe8XrtK32evUfwpg3RA=",
          "dev": true
        }
      }
    },
    "sigmund": {
      "version": "1.0.1",
      "resolved": "https://registry.npmjs.org/sigmund/-/sigmund-1.0.1.tgz",
      "integrity": "sha1-P/IfGYytIXX587eBhT/ZTQ0ZtZA=",
      "dev": true
    },
    "source-map": {
      "version": "0.1.34",
      "resolved": "https://registry.npmjs.org/source-map/-/source-map-0.1.34.tgz",
      "integrity": "sha1-p8/omux7FoLDsZjQrPtH19CQVms=",
      "dev": true,
      "requires": {
        "amdefine": ">=0.0.4"
      }
    },
    "stream-counter": {
      "version": "0.2.0",
      "resolved": "https://registry.npmjs.org/stream-counter/-/stream-counter-0.2.0.tgz",
      "integrity": "sha1-3tJmVWMZyLDiIoErnPOyb6fZR94=",
      "dev": true,
      "requires": {
        "readable-stream": "~1.1.8"
      }
    },
    "string_decoder": {
      "version": "0.10.31",
      "resolved": "https://registry.npmjs.org/string_decoder/-/string_decoder-0.10.31.tgz",
      "integrity": "sha1-YuIDvEF2bGwoyfyEMB2rHFMQ+pQ=",
      "dev": true
    },
    "temporary": {
      "version": "0.0.5",
      "resolved": "https://registry.npmjs.org/temporary/-/temporary-0.0.5.tgz",
      "integrity": "sha1-4pFrchdlF6bI+2fT+nilaOmyeGU=",
      "dev": true,
      "requires": {
        "package": ">= 1.0.0 < 1.2.0"
      }
    },
    "tiny-lr": {
      "version": "0.0.4",
      "resolved": "https://registry.npmjs.org/tiny-lr/-/tiny-lr-0.0.4.tgz",
      "integrity": "sha1-gGGFR/Y/aX0Fy0DEwsSwg1Ia77Y=",
      "dev": true,
      "requires": {
        "debug": "~0.7.0",
        "faye-websocket": "~0.4.3",
        "noptify": "^0.0.3",
        "qs": "~0.5.2"
      },
      "dependencies": {
        "debug": {
          "version": "0.7.4",
          "resolved": "https://registry.npmjs.org/debug/-/debug-0.7.4.tgz",
          "integrity": "sha1-BuHqgILCyxTjmAbiLi9vdX+Srzk=",
          "dev": true
        },
        "qs": {
          "version": "0.5.6",
          "resolved": "https://registry.npmjs.org/qs/-/qs-0.5.6.tgz",
          "integrity": "sha1-MbGtBYVnZRxSaSFQa5qHk5EaA4Q=",
          "dev": true
        }
      }
    },
    "transformers": {
      "version": "2.1.0",
      "resolved": "https://registry.npmjs.org/transformers/-/transformers-2.1.0.tgz",
      "integrity": "sha1-XSPLNVYd2F3Gf7hIIwm0fVPM6ac=",
      "dev": true,
      "requires": {
        "css": "~1.0.8",
        "promise": "~2.0",
        "uglify-js": "~2.2.5"
      },
      "dependencies": {
        "uglify-js": {
          "version": "2.2.5",
          "resolved": "https://registry.npmjs.org/uglify-js/-/uglify-js-2.2.5.tgz",
          "integrity": "sha1-puAqcNg5eSuXgEiLe4sYTAlcmcc=",
          "dev": true,
          "requires": {
            "optimist": "~0.3.5",
            "source-map": "~0.1.7"
          }
        }
      }
    },
    "uglify-js": {
      "version": "2.4.24",
      "resolved": "https://registry.npmjs.org/uglify-js/-/uglify-js-2.4.24.tgz",
      "integrity": "sha1-+tV1XB4Vd2WLsG/5q25UjJW+vW4=",
      "dev": true,
      "requires": {
        "async": "~0.2.6",
        "source-map": "0.1.34",
        "uglify-to-browserify": "~1.0.0",
        "yargs": "~3.5.4"
      },
      "dependencies": {
        "async": {
          "version": "0.2.10",
          "resolved": "https://registry.npmjs.org/async/-/async-0.2.10.tgz",
          "integrity": "sha1-trvgsGdLnXGXCMo43owjfLUmw9E=",
          "dev": true
        }
      }
    },
    "uglify-to-browserify": {
      "version": "1.0.2",
      "resolved": "https://registry.npmjs.org/uglify-to-browserify/-/uglify-to-browserify-1.0.2.tgz",
      "integrity": "sha1-bgkk1r2mta/jSeOabWMoUKD4grc=",
      "dev": true
    },
    "uid2": {
      "version": "0.0.3",
      "resolved": "https://registry.npmjs.org/uid2/-/uid2-0.0.3.tgz",
      "integrity": "sha1-SDEm4Rd03y9xuLY53NeZw3YWK4I=",
      "dev": true
    },
    "underscore": {
      "version": "1.7.0",
      "resolved": "https://registry.npmjs.org/underscore/-/underscore-1.7.0.tgz",
      "integrity": "sha1-a7rwh3UA02vjTsqlhODbn+8DUgk=",
      "dev": true
    },
    "underscore.deferred": {
      "version": "0.1.5",
      "resolved": "https://registry.npmjs.org/underscore.deferred/-/underscore.deferred-0.1.5.tgz",
      "integrity": "sha1-R+rWDJiL8M8yIL+IQ/Ni4Ogk5ok=",
      "dev": true
    },
    "underscore.string": {
      "version": "2.2.1",
      "resolved": "https://registry.npmjs.org/underscore.string/-/underscore.string-2.2.1.tgz",
      "integrity": "sha1-18D6KvXVoaZ/QlPa7pgTLnM/Dxk=",
      "dev": true
    },
    "url-safe": {
      "version": "1.0.1",
      "resolved": "https://registry.npmjs.org/url-safe/-/url-safe-1.0.1.tgz",
      "integrity": "sha1-LSUaS00xEdypTzZEbmOplLTSh4Y=",
      "dev": true
    },
    "url2": {
      "version": "0.0.0",
      "resolved": "https://registry.npmjs.org/url2/-/url2-0.0.0.tgz",
      "integrity": "sha1-Tqq9HVw6yQ1iq0SFyZhCKGWgSxo=",
      "dev": true
    },
    "weak-map": {
      "version": "1.0.0",
      "resolved": "https://registry.npmjs.org/weak-map/-/weak-map-1.0.0.tgz",
      "integrity": "sha1-tm5Wqd8L0lp2u/G1FNsSkIBhSjc=",
      "dev": true
    },
    "which": {
      "version": "1.0.9",
      "resolved": "https://registry.npmjs.org/which/-/which-1.0.9.tgz",
      "integrity": "sha1-RgwdoPgQED0DIam2M6+eV15kSG8=",
      "dev": true
    },
    "window-size": {
      "version": "0.1.0",
      "resolved": "https://registry.npmjs.org/window-size/-/window-size-0.1.0.tgz",
      "integrity": "sha1-VDjNLqk7IC76Ohn+iIeu58lPnJ0=",
      "dev": true
    },
    "with": {
      "version": "2.0.0",
      "resolved": "https://registry.npmjs.org/with/-/with-2.0.0.tgz",
      "integrity": "sha1-7AH/Ah253wVjkEcUft4BL15tCv0=",
      "dev": true,
      "requires": {
        "uglify-js": "2.4.0"
      },
      "dependencies": {
        "async": {
          "version": "0.2.10",
          "resolved": "https://registry.npmjs.org/async/-/async-0.2.10.tgz",
          "integrity": "sha1-trvgsGdLnXGXCMo43owjfLUmw9E=",
          "dev": true
        },
        "uglify-js": {
          "version": "2.4.0",
          "resolved": "https://registry.npmjs.org/uglify-js/-/uglify-js-2.4.0.tgz",
          "integrity": "sha1-pfK2sbgX+zTBagQjQyjIm6HncTc=",
          "dev": true,
          "requires": {
            "async": "~0.2.6",
            "optimist": "~0.3.5",
            "source-map": "~0.1.7",
            "uglify-to-browserify": "~1.0.0"
          }
        }
      }
    },
    "wordwrap": {
      "version": "0.0.2",
      "resolved": "https://registry.npmjs.org/wordwrap/-/wordwrap-0.0.2.tgz",
      "integrity": "sha1-t5Zpu0LstAn4PVg8rVLKF+qhZD8=",
      "dev": true
    },
    "wrappy": {
      "version": "1.0.2",
      "resolved": "https://registry.npmjs.org/wrappy/-/wrappy-1.0.2.tgz",
      "integrity": "sha1-tSQ9jz7BqjXxNkYFvA0QNuMKtp8=",
      "dev": true
    },
    "wrench": {
      "version": "1.5.1",
      "resolved": "https://registry.npmjs.org/wrench/-/wrench-1.5.1.tgz",
      "integrity": "sha1-P3pRmw5AkzhyO7A5sgmlQRdrqkI=",
      "dev": true
    },
    "xml2js": {
      "version": "0.2.8",
      "resolved": "https://registry.npmjs.org/xml2js/-/xml2js-0.2.8.tgz",
      "integrity": "sha1-m4FpCTFjH/CdGVdUn69U9PmAs8I=",
      "dev": true,
      "requires": {
        "sax": "0.5.x"
      }
    },
    "yargs": {
      "version": "3.5.4",
      "resolved": "https://registry.npmjs.org/yargs/-/yargs-3.5.4.tgz",
      "integrity": "sha1-2K/49mXpTDS9JZvevRv68N3TU2E=",
      "dev": true,
      "requires": {
        "camelcase": "^1.0.2",
        "decamelize": "^1.0.0",
        "window-size": "0.1.0",
        "wordwrap": "0.0.2"
      }
    },
    "zlib-browserify": {
      "version": "0.0.1",
      "resolved": "https://registry.npmjs.org/zlib-browserify/-/zlib-browserify-0.0.1.tgz",
      "integrity": "sha1-T6akXQDbwV8xikr6HZr8Aljhdsw=",
      "dev": true
    }
  }
}
